// !$*UTF8*$!
{
	archiveVersion = 1;
	classes = {
	};
	objectVersion = 46;
	objects = {

/* Begin PBXBuildFile section */
		4BA8923C1894180A00F889E3 /* Foundation.framework in Frameworks */ = {isa = PBXBuildFile; fileRef = 4BA8923B1894180A00F889E3 /* Foundation.framework */; };
		4BA8923E1894180B00F889E3 /* CoreGraphics.framework in Frameworks */ = {isa = PBXBuildFile; fileRef = 4BA8923D1894180B00F889E3 /* CoreGraphics.framework */; };
		4BA892401894180B00F889E3 /* UIKit.framework in Frameworks */ = {isa = PBXBuildFile; fileRef = 4BA8923F1894180B00F889E3 /* UIKit.framework */; };
		4BA892461894180B00F889E3 /* InfoPlist.strings in Resources */ = {isa = PBXBuildFile; fileRef = 4BA892441894180B00F889E3 /* InfoPlist.strings */; };
		4BA892481894180B00F889E3 /* main.m in Sources */ = {isa = PBXBuildFile; fileRef = 4BA892471894180B00F889E3 /* main.m */; };
		4BA8924C1894180B00F889E3 /* AppDelegate.m in Sources */ = {isa = PBXBuildFile; fileRef = 4BA8924B1894180B00F889E3 /* AppDelegate.m */; };
		4BA8924F1894180B00F889E3 /* Main.storyboard in Resources */ = {isa = PBXBuildFile; fileRef = 4BA8924D1894180B00F889E3 /* Main.storyboard */; };
		4BA892521894180B00F889E3 /* ViewController.m in Sources */ = {isa = PBXBuildFile; fileRef = 4BA892511894180B00F889E3 /* ViewController.m */; };
		4BA892541894180B00F889E3 /* Images.xcassets in Resources */ = {isa = PBXBuildFile; fileRef = 4BA892531894180B00F889E3 /* Images.xcassets */; };
		4BA8925B1894180B00F889E3 /* XCTest.framework in Frameworks */ = {isa = PBXBuildFile; fileRef = 4BA8925A1894180B00F889E3 /* XCTest.framework */; };
		4BA8925C1894180B00F889E3 /* Foundation.framework in Frameworks */ = {isa = PBXBuildFile; fileRef = 4BA8923B1894180A00F889E3 /* Foundation.framework */; };
		4BA8925D1894180B00F889E3 /* UIKit.framework in Frameworks */ = {isa = PBXBuildFile; fileRef = 4BA8923F1894180B00F889E3 /* UIKit.framework */; };
		4BA892651894180B00F889E3 /* InfoPlist.strings in Resources */ = {isa = PBXBuildFile; fileRef = 4BA892631894180B00F889E3 /* InfoPlist.strings */; };
		4BA892671894180B00F889E3 /* SavingData_SIMON_ALLRADICETests.m in Sources */ = {isa = PBXBuildFile; fileRef = 4BA892661894180B00F889E3 /* SavingData_SIMON_ALLRADICETests.m */; };
/* End PBXBuildFile section */

/* Begin PBXContainerItemProxy section */
		4BA8925E1894180B00F889E3 /* PBXContainerItemProxy */ = {
			isa = PBXContainerItemProxy;
			containerPortal = 4BA892301894180A00F889E3 /* Project object */;
			proxyType = 1;
			remoteGlobalIDString = 4BA892371894180A00F889E3;
			remoteInfo = "SavingData SIMON ALLRADICE";
		};
/* End PBXContainerItemProxy section */

/* Begin PBXFileReference section */
		4BA892381894180A00F889E3 /* SavingData SIMON ALLRADICE.app */ = {isa = PBXFileReference; explicitFileType = wrapper.application; includeInIndex = 0; path = "SavingData SIMON ALLRADICE.app"; sourceTree = BUILT_PRODUCTS_DIR; };
		4BA8923B1894180A00F889E3 /* Foundation.framework */ = {isa = PBXFileReference; lastKnownFileType = wrapper.framework; name = Foundation.framework; path = System/Library/Frameworks/Foundation.framework; sourceTree = SDKROOT; };
		4BA8923D1894180B00F889E3 /* CoreGraphics.framework */ = {isa = PBXFileReference; lastKnownFileType = wrapper.framework; name = CoreGraphics.framework; path = System/Library/Frameworks/CoreGraphics.framework; sourceTree = SDKROOT; };
		4BA8923F1894180B00F889E3 /* UIKit.framework */ = {isa = PBXFileReference; lastKnownFileType = wrapper.framework; name = UIKit.framework; path = System/Library/Frameworks/UIKit.framework; sourceTree = SDKROOT; };
		4BA892431894180B00F889E3 /* SavingData SIMON ALLRADICE-Info.plist */ = {isa = PBXFileReference; lastKnownFileType = text.plist.xml; path = "SavingData SIMON ALLRADICE-Info.plist"; sourceTree = "<group>"; };
		4BA892451894180B00F889E3 /* en */ = {isa = PBXFileReference; lastKnownFileType = text.plist.strings; name = en; path = en.lproj/InfoPlist.strings; sourceTree = "<group>"; };
		4BA892471894180B00F889E3 /* main.m */ = {isa = PBXFileReference; lastKnownFileType = sourcecode.c.objc; path = main.m; sourceTree = "<group>"; };
		4BA892491894180B00F889E3 /* SavingData SIMON ALLRADICE-Prefix.pch */ = {isa = PBXFileReference; lastKnownFileType = sourcecode.c.h; path = "SavingData SIMON ALLRADICE-Prefix.pch"; sourceTree = "<group>"; };
		4BA8924A1894180B00F889E3 /* AppDelegate.h */ = {isa = PBXFileReference; lastKnownFileType = sourcecode.c.h; path = AppDelegate.h; sourceTree = "<group>"; };
		4BA8924B1894180B00F889E3 /* AppDelegate.m */ = {isa = PBXFileReference; lastKnownFileType = sourcecode.c.objc; path = AppDelegate.m; sourceTree = "<group>"; };
		4BA8924E1894180B00F889E3 /* Base */ = {isa = PBXFileReference; lastKnownFileType = file.storyboard; name = Base; path = Base.lproj/Main.storyboard; sourceTree = "<group>"; };
		4BA892501894180B00F889E3 /* ViewController.h */ = {isa = PBXFileReference; lastKnownFileType = sourcecode.c.h; path = ViewController.h; sourceTree = "<group>"; };
		4BA892511894180B00F889E3 /* ViewController.m */ = {isa = PBXFileReference; lastKnownFileType = sourcecode.c.objc; path = ViewController.m; sourceTree = "<group>"; };
		4BA892531894180B00F889E3 /* Images.xcassets */ = {isa = PBXFileReference; lastKnownFileType = folder.assetcatalog; path = Images.xcassets; sourceTree = "<group>"; };
		4BA892591894180B00F889E3 /* SavingData SIMON ALLRADICETests.xctest */ = {isa = PBXFileReference; explicitFileType = wrapper.cfbundle; includeInIndex = 0; path = "SavingData SIMON ALLRADICETests.xctest"; sourceTree = BUILT_PRODUCTS_DIR; };
		4BA8925A1894180B00F889E3 /* XCTest.framework */ = {isa = PBXFileReference; lastKnownFileType = wrapper.framework; name = XCTest.framework; path = Library/Frameworks/XCTest.framework; sourceTree = DEVELOPER_DIR; };
		4BA892621894180B00F889E3 /* SavingData SIMON ALLRADICETests-Info.plist */ = {isa = PBXFileReference; lastKnownFileType = text.plist.xml; path = "SavingData SIMON ALLRADICETests-Info.plist"; sourceTree = "<group>"; };
		4BA892641894180B00F889E3 /* en */ = {isa = PBXFileReference; lastKnownFileType = text.plist.strings; name = en; path = en.lproj/InfoPlist.strings; sourceTree = "<group>"; };
		4BA892661894180B00F889E3 /* SavingData_SIMON_ALLRADICETests.m */ = {isa = PBXFileReference; lastKnownFileType = sourcecode.c.objc; path = SavingData_SIMON_ALLRADICETests.m; sourceTree = "<group>"; };
/* End PBXFileReference section */

/* Begin PBXFrameworksBuildPhase section */
		4BA892351894180A00F889E3 /* Frameworks */ = {
			isa = PBXFrameworksBuildPhase;
			buildActionMask = 2147483647;
			files = (
				4BA8923E1894180B00F889E3 /* CoreGraphics.framework in Frameworks */,
				4BA892401894180B00F889E3 /* UIKit.framework in Frameworks */,
				4BA8923C1894180A00F889E3 /* Foundation.framework in Frameworks */,
			);
			runOnlyForDeploymentPostprocessing = 0;
		};
		4BA892561894180B00F889E3 /* Frameworks */ = {
			isa = PBXFrameworksBuildPhase;
			buildActionMask = 2147483647;
			files = (
				4BA8925B1894180B00F889E3 /* XCTest.framework in Frameworks */,
				4BA8925D1894180B00F889E3 /* UIKit.framework in Frameworks */,
				4BA8925C1894180B00F889E3 /* Foundation.framework in Frameworks */,
			);
			runOnlyForDeploymentPostprocessing = 0;
		};
/* End PBXFrameworksBuildPhase section */

/* Begin PBXGroup section */
		4BA8922F1894180A00F889E3 = {
			isa = PBXGroup;
			children = (
				4BA892411894180B00F889E3 /* SavingData SIMON ALLRADICE */,
				4BA892601894180B00F889E3 /* SavingData SIMON ALLRADICETests */,
				4BA8923A1894180A00F889E3 /* Frameworks */,
				4BA892391894180A00F889E3 /* Products */,
			);
			sourceTree = "<group>";
		};
		4BA892391894180A00F889E3 /* Products */ = {
			isa = PBXGroup;
			children = (
				4BA892381894180A00F889E3 /* SavingData SIMON ALLRADICE.app */,
				4BA892591894180B00F889E3 /* SavingData SIMON ALLRADICETests.xctest */,
			);
			name = Products;
			sourceTree = "<group>";
		};
		4BA8923A1894180A00F889E3 /* Frameworks */ = {
			isa = PBXGroup;
			children = (
				4BA8923B1894180A00F889E3 /* Foundation.framework */,
				4BA8923D1894180B00F889E3 /* CoreGraphics.framework */,
				4BA8923F1894180B00F889E3 /* UIKit.framework */,
				4BA8925A1894180B00F889E3 /* XCTest.framework */,
			);
			name = Frameworks;
			sourceTree = "<group>";
		};
		4BA892411894180B00F889E3 /* SavingData SIMON ALLRADICE */ = {
			isa = PBXGroup;
			children = (
				4BA8924A1894180B00F889E3 /* AppDelegate.h */,
				4BA8924B1894180B00F889E3 /* AppDelegate.m */,
				4BA8924D1894180B00F889E3 /* Main.storyboard */,
				4BA892501894180B00F889E3 /* ViewController.h */,
				4BA892511894180B00F889E3 /* ViewController.m */,
				4BA892531894180B00F889E3 /* Images.xcassets */,
				4BA892421894180B00F889E3 /* Supporting Files */,
			);
			path = "SavingData SIMON ALLRADICE";
			sourceTree = "<group>";
		};
		4BA892421894180B00F889E3 /* Supporting Files */ = {
			isa = PBXGroup;
			children = (
				4BA892431894180B00F889E3 /* SavingData SIMON ALLRADICE-Info.plist */,
				4BA892441894180B00F889E3 /* InfoPlist.strings */,
				4BA892471894180B00F889E3 /* main.m */,
				4BA892491894180B00F889E3 /* SavingData SIMON ALLRADICE-Prefix.pch */,
			);
			name = "Supporting Files";
			sourceTree = "<group>";
		};
		4BA892601894180B00F889E3 /* SavingData SIMON ALLRADICETests */ = {
			isa = PBXGroup;
			children = (
				4BA892661894180B00F889E3 /* SavingData_SIMON_ALLRADICETests.m */,
				4BA892611894180B00F889E3 /* Supporting Files */,
			);
			path = "SavingData SIMON ALLRADICETests";
			sourceTree = "<group>";
		};
		4BA892611894180B00F889E3 /* Supporting Files */ = {
			isa = PBXGroup;
			children = (
				4BA892621894180B00F889E3 /* SavingData SIMON ALLRADICETests-Info.plist */,
				4BA892631894180B00F889E3 /* InfoPlist.strings */,
			);
			name = "Supporting Files";
			sourceTree = "<group>";
		};
/* End PBXGroup section */

/* Begin PBXNativeTarget section */
		4BA892371894180A00F889E3 /* SavingData SIMON ALLRADICE */ = {
			isa = PBXNativeTarget;
			buildConfigurationList = 4BA8926A1894180B00F889E3 /* Build configuration list for PBXNativeTarget "SavingData SIMON ALLRADICE" */;
			buildPhases = (
				4BA892341894180A00F889E3 /* Sources */,
				4BA892351894180A00F889E3 /* Frameworks */,
				4BA892361894180A00F889E3 /* Resources */,
			);
			buildRules = (
			);
			dependencies = (
			);
			name = "SavingData SIMON ALLRADICE";
			productName = "SavingData SIMON ALLRADICE";
			productReference = 4BA892381894180A00F889E3 /* SavingData SIMON ALLRADICE.app */;
			productType = "com.apple.product-type.application";
		};
		4BA892581894180B00F889E3 /* SavingData SIMON ALLRADICETests */ = {
			isa = PBXNativeTarget;
			buildConfigurationList = 4BA8926D1894180B00F889E3 /* Build configuration list for PBXNativeTarget "SavingData SIMON ALLRADICETests" */;
			buildPhases = (
				4BA892551894180B00F889E3 /* Sources */,
				4BA892561894180B00F889E3 /* Frameworks */,
				4BA892571894180B00F889E3 /* Resources */,
			);
			buildRules = (
			);
			dependencies = (
				4BA8925F1894180B00F889E3 /* PBXTargetDependency */,
			);
			name = "SavingData SIMON ALLRADICETests";
			productName = "SavingData SIMON ALLRADICETests";
			productReference = 4BA892591894180B00F889E3 /* SavingData SIMON ALLRADICETests.xctest */;
			productType = "com.apple.product-type.bundle.unit-test";
		};
/* End PBXNativeTarget section */

/* Begin PBXProject section */
		4BA892301894180A00F889E3 /* Project object */ = {
			isa = PBXProject;
			attributes = {
				LastUpgradeCheck = 0500;
				ORGANIZATIONNAME = Home;
				TargetAttributes = {
					4BA892581894180B00F889E3 = {
						TestTargetID = 4BA892371894180A00F889E3;
					};
				};
			};
			buildConfigurationList = 4BA892331894180A00F889E3 /* Build configuration list for PBXProject "SavingData SIMON ALLRADICE" */;
			compatibilityVersion = "Xcode 3.2";
			developmentRegion = English;
			hasScannedForEncodings = 0;
			knownRegions = (
				en,
				Base,
			);
			mainGroup = 4BA8922F1894180A00F889E3;
			productRefGroup = 4BA892391894180A00F889E3 /* Products */;
			projectDirPath = "";
			projectRoot = "";
			targets = (
				4BA892371894180A00F889E3 /* SavingData SIMON ALLRADICE */,
				4BA892581894180B00F889E3 /* SavingData SIMON ALLRADICETests */,
			);
		};
/* End PBXProject section */

/* Begin PBXResourcesBuildPhase section */
		4BA892361894180A00F889E3 /* Resources */ = {
			isa = PBXResourcesBuildPhase;
			buildActionMask = 2147483647;
			files = (
				4BA892541894180B00F889E3 /* Images.xcassets in Resources */,
				4BA892461894180B00F889E3 /* InfoPlist.strings in Resources */,
				4BA8924F1894180B00F889E3 /* Main.storyboard in Resources */,
			);
			runOnlyForDeploymentPostprocessing = 0;
		};
		4BA892571894180B00F889E3 /* Resources */ = {
			isa = PBXResourcesBuildPhase;
			buildActionMask = 2147483647;
			files = (
				4BA892651894180B00F889E3 /* InfoPlist.strings in Resources */,
			);
			runOnlyForDeploymentPostprocessing = 0;
		};
/* End PBXResourcesBuildPhase section */

/* Begin PBXSourcesBuildPhase section */
		4BA892341894180A00F889E3 /* Sources */ = {
			isa = PBXSourcesBuildPhase;
			buildActionMask = 2147483647;
			files = (
				4BA892521894180B00F889E3 /* ViewController.m in Sources */,
				4BA8924C1894180B00F889E3 /* AppDelegate.m in Sources */,
				4BA892481894180B00F889E3 /* main.m in Sources */,
			);
			runOnlyForDeploymentPostprocessing = 0;
		};
		4BA892551894180B00F889E3 /* Sources */ = {
			isa = PBXSourcesBuildPhase;
			buildActionMask = 2147483647;
			files = (
				4BA892671894180B00F889E3 /* SavingData_SIMON_ALLRADICETests.m in Sources */,
			);
			runOnlyForDeploymentPostprocessing = 0;
		};
/* End PBXSourcesBuildPhase section */

/* Begin PBXTargetDependency section */
		4BA8925F1894180B00F889E3 /* PBXTargetDependency */ = {
			isa = PBXTargetDependency;
			target = 4BA892371894180A00F889E3 /* SavingData SIMON ALLRADICE */;
			targetProxy = 4BA8925E1894180B00F889E3 /* PBXContainerItemProxy */;
		};
/* End PBXTargetDependency section */

/* Begin PBXVariantGroup section */
		4BA892441894180B00F889E3 /* InfoPlist.strings */ = {
			isa = PBXVariantGroup;
			children = (
				4BA892451894180B00F889E3 /* en */,
			);
			name = InfoPlist.strings;
			sourceTree = "<group>";
		};
		4BA8924D1894180B00F889E3 /* Main.storyboard */ = {
			isa = PBXVariantGroup;
			children = (
				4BA8924E1894180B00F889E3 /* Base */,
			);
			name = Main.storyboard;
			sourceTree = "<group>";
		};
		4BA892631894180B00F889E3 /* InfoPlist.strings */ = {
			isa = PBXVariantGroup;
			children = (
				4BA892641894180B00F889E3 /* en */,
			);
			name = InfoPlist.strings;
			sourceTree = "<group>";
		};
/* End PBXVariantGroup section */

/* Begin XCBuildConfiguration section */
		4BA892681894180B00F889E3 /* Debug */ = {
			isa = XCBuildConfiguration;
			buildSettings = {
				ALWAYS_SEARCH_USER_PATHS = NO;
				ARCHS = "$(ARCHS_STANDARD_INCLUDING_64_BIT)";
				CLANG_CXX_LANGUAGE_STANDARD = "gnu++0x";
				CLANG_CXX_LIBRARY = "libc++";
				CLANG_ENABLE_MODULES = YES;
				CLANG_ENABLE_OBJC_ARC = YES;
				CLANG_WARN_BOOL_CONVERSION = YES;
				CLANG_WARN_CONSTANT_CONVERSION = YES;
				CLANG_WARN_DIRECT_OBJC_ISA_USAGE = YES_ERROR;
				CLANG_WARN_EMPTY_BODY = YES;
				CLANG_WARN_ENUM_CONVERSION = YES;
				CLANG_WARN_INT_CONVERSION = YES;
				CLANG_WARN_OBJC_ROOT_CLASS = YES_ERROR;
				CLANG_WARN__DUPLICATE_METHOD_MATCH = YES;
				"CODE_SIGN_IDENTITY[sdk=iphoneos*]" = "iPhone Developer";
				COPY_PHASE_STRIP = NO;
				GCC_C_LANGUAGE_STANDARD = gnu99;
				GCC_DYNAMIC_NO_PIC = NO;
				GCC_OPTIMIZATION_LEVEL = 0;
				GCC_PREPROCESSOR_DEFINITIONS = (
					"DEBUG=1",
					"$(inherited)",
				);
				GCC_SYMBOLS_PRIVATE_EXTERN = NO;
				GCC_WARN_64_TO_32_BIT_CONVERSION = YES;
				GCC_WARN_ABOUT_RETURN_TYPE = YES_ERROR;
				GCC_WARN_UNDECLARED_SELECTOR = YES;
				GCC_WARN_UNINITIALIZED_AUTOS = YES;
				GCC_WARN_UNUSED_FUNCTION = YES;
				GCC_WARN_UNUSED_VARIABLE = YES;
				IPHONEOS_DEPLOYMENT_TARGET = 7.0;
				ONLY_ACTIVE_ARCH = YES;
				SDKROOT = iphoneos;
			};
			name = Debug;
		};
		4BA892691894180B00F889E3 /* Release */ = {
			isa = XCBuildConfiguration;
			buildSettings = {
				ALWAYS_SEARCH_USER_PATHS = NO;
				ARCHS = "$(ARCHS_STANDARD_INCLUDING_64_BIT)";
				CLANG_CXX_LANGUAGE_STANDARD = "gnu++0x";
				CLANG_CXX_LIBRARY = "libc++";
				CLANG_ENABLE_MODULES = YES;
				CLANG_ENABLE_OBJC_ARC = YES;
				CLANG_WARN_BOOL_CONVERSION = YES;
				CLANG_WARN_CONSTANT_CONVERSION = YES;
				CLANG_WARN_DIRECT_OBJC_ISA_USAGE = YES_ERROR;
				CLANG_WARN_EMPTY_BODY = YES;
				CLANG_WARN_ENUM_CONVERSION = YES;
				CLANG_WARN_INT_CONVERSION = YES;
				CLANG_WARN_OBJC_ROOT_CLASS = YES_ERROR;
				CLANG_WARN__DUPLICATE_METHOD_MATCH = YES;
				"CODE_SIGN_IDENTITY[sdk=iphoneos*]" = "iPhone Developer";
				COPY_PHASE_STRIP = YES;
				ENABLE_NS_ASSERTIONS = NO;
				GCC_C_LANGUAGE_STANDARD = gnu99;
				GCC_WARN_64_TO_32_BIT_CONVERSION = YES;
				GCC_WARN_ABOUT_RETURN_TYPE = YES_ERROR;
				GCC_WARN_UNDECLARED_SELECTOR = YES;
				GCC_WARN_UNINITIALIZED_AUTOS = YES;
				GCC_WARN_UNUSED_FUNCTION = YES;
				GCC_WARN_UNUSED_VARIABLE = YES;
				IPHONEOS_DEPLOYMENT_TARGET = 7.0;
				SDKROOT = iphoneos;
				VALIDATE_PRODUCT = YES;
			};
			name = Release;
		};
		4BA8926B1894180B00F889E3 /* Debug */ = {
			isa = XCBuildConfiguration;
			buildSettings = {
				ASSETCATALOG_COMPILER_APPICON_NAME = AppIcon;
				ASSETCATALOG_COMPILER_LAUNCHIMAGE_NAME = LaunchImage;
				GCC_PRECOMPILE_PREFIX_HEADER = YES;
				GCC_PREFIX_HEADER = "SavingData SIMON ALLRADICE/SavingData SIMON ALLRADICE-Prefix.pch";
				INFOPLIST_FILE = "SavingData SIMON ALLRADICE/SavingData SIMON ALLRADICE-Info.plist";
				PRODUCT_NAME = "$(TARGET_NAME)";
				WRAPPER_EXTENSION = app;
			};
			name = Debug;
		};
		4BA8926C1894180B00F889E3 /* Release */ = {
			isa = XCBuildConfiguration;
			buildSettings = {
				ASSETCATALOG_COMPILER_APPICON_NAME = AppIcon;
				ASSETCATALOG_COMPILER_LAUNCHIMAGE_NAME = LaunchImage;
				GCC_PRECOMPILE_PREFIX_HEADER = YES;
				GCC_PREFIX_HEADER = "SavingData SIMON ALLRADICE/SavingData SIMON ALLRADICE-Prefix.pch";
				INFOPLIST_FILE = "SavingData SIMON ALLRADICE/SavingData SIMON ALLRADICE-Info.plist";
				PRODUCT_NAME = "$(TARGET_NAME)";
				WRAPPER_EXTENSION = app;
			};
			name = Release;
		};
		4BA8926E1894180B00F889E3 /* Debug */ = {
			isa = XCBuildConfiguration;
			buildSettings = {
				ARCHS = "$(ARCHS_STANDARD_INCLUDING_64_BIT)";
				BUNDLE_LOADER = "$(BUILT_PRODUCTS_DIR)/SavingData SIMON ALLRADICE.app/SavingData SIMON ALLRADICE";
				FRAMEWORK_SEARCH_PATHS = (
					"$(SDKROOT)/Developer/Library/Frameworks",
					"$(inherited)",
					"$(DEVELOPER_FRAMEWORKS_DIR)",
				);
				GCC_PRECOMPILE_PREFIX_HEADER = YES;
				GCC_PREFIX_HEADER = "SavingData SIMON ALLRADICE/SavingData SIMON ALLRADICE-Prefix.pch";
				GCC_PREPROCESSOR_DEFINITIONS = (
					"DEBUG=1",
					"$(inherited)",
				);
				INFOPLIST_FILE = "SavingData SIMON ALLRADICETests/SavingData SIMON ALLRADICETests-Info.plist";
				PRODUCT_NAME = "$(TARGET_NAME)";
				TEST_HOST = "$(BUNDLE_LOADER)";
				WRAPPER_EXTENSION = xctest;
			};
			name = Debug;
		};
		4BA8926F1894180B00F889E3 /* Release */ = {
			isa = XCBuildConfiguration;
			buildSettings = {
				ARCHS = "$(ARCHS_STANDARD_INCLUDING_64_BIT)";
				BUNDLE_LOADER = "$(BUILT_PRODUCTS_DIR)/SavingData SIMON ALLRADICE.app/SavingData SIMON ALLRADICE";
				FRAMEWORK_SEARCH_PATHS = (
					"$(SDKROOT)/Developer/Library/Frameworks",
					"$(inherited)",
					"$(DEVELOPER_FRAMEWORKS_DIR)",
				);
				GCC_PRECOMPILE_PREFIX_HEADER = YES;
				GCC_PREFIX_HEADER = "SavingData SIMON ALLRADICE/SavingData SIMON ALLRADICE-Prefix.pch";
				INFOPLIST_FILE = "SavingData SIMON ALLRADICETests/SavingData SIMON ALLRADICETests-Info.plist";
				PRODUCT_NAME = "$(TARGET_NAME)";
				TEST_HOST = "$(BUNDLE_LOADER)";
				WRAPPER_EXTENSION = xctest;
			};
			name = Release;
		};
/* End XCBuildConfiguration section */

/* Begin XCConfigurationList section */
		4BA892331894180A00F889E3 /* Build configuration list for PBXProject "SavingData SIMON ALLRADICE" */ = {
			isa = XCConfigurationList;
			buildConfigurations = (
				4BA892681894180B00F889E3 /* Debug */,
				4BA892691894180B00F889E3 /* Release */,
			);
			defaultConfigurationIsVisible = 0;
			defaultConfigurationName = Release;
		};
		4BA8926A1894180B00F889E3 /* Build configuration list for PBXNativeTarget "SavingData SIMON ALLRADICE" */ = {
			isa = XCConfigurationList;
			buildConfigurations = (
				4BA8926B1894180B00F889E3 /* Debug */,
				4BA8926C1894180B00F889E3 /* Release */,
			);
			defaultConfigurationIsVisible = 0;
			defaultConfigurationName = Release;
		};
		4BA8926D1894180B00F889E3 /* Build configuration list for PBXNativeTarget "SavingData SIMON ALLRADICETests" */ = {
			isa = XCConfigurationList;
			buildConfigurations = (
				4BA8926E1894180B00F889E3 /* Debug */,
				4BA8926F1894180B00F889E3 /* Release */,
			);
			defaultConfigurationIsVisible = 0;
			defaultConfigurationName = Release;
		};
/* End XCConfigurationList section */
	};
	rootObject = 4BA892301894180A00F889E3 /* Project object */;
}
